
Microsoft Visual Studio Solution File, Format Version 12.00
# Visual Studio Version 17
VisualStudioVersion = 17.5.33516.290
MinimumVisualStudioVersion = 10.0.40219.1
Project("{FAE04EC0-301F-11D3-BF4B-00C04F79EFBC}") = "RealTimeAuctionSystem", "RealTimeAuctionSystem\RealTimeAuctionSystem.csproj", "{4796A413-6881-418D-A3D8-E40F7CC830CA}"
EndProject
Global
	GlobalSection(SolutionConfigurationPlatforms) = preSolution
		Debug|Any CPU = Debug|Any CPU
		Release|Any CPU = Release|Any CPU
	EndGlobalSection
	GlobalSection(ProjectConfigurationPlatforms) = postSolution
		{4796A413-6881-418D-A3D8-E40F7CC830CA}.Debug|Any CPU.ActiveCfg = Debug|Any CPU
		{4796A413-6881-418D-A3D8-E40F7CC830CA}.Debug|Any CPU.Build.0 = Debug|Any CPU
		{4796A413-6881-418D-A3D8-E40F7CC830CA}.Release|Any CPU.ActiveCfg = Release|Any CPU
		{4796A413-6881-418D-A3D8-E40F7CC830CA}.Release|Any CPU.Build.0 = Release|Any CPU
	EndGlobalSection
	GlobalSection(SolutionProperties) = preSolution
		HideSolutionNode = FALSE
	EndGlobalSection
	GlobalSection(ExtensibilityGlobals) = postSolution
		SolutionGuid = {E215D184-477B-42AD-9C09-F382F0D96CA1}
	EndGlobalSection
EndGlobal
